// !$*UTF8*$!
{
	archiveVersion = 1;
	classes = {
	};
	objectVersion = 46;
	objects = {

/* Begin PBXBuildFile section */
		A377B6461A68717F00B33C97 /* Portfolio.m in Sources */ = {isa = PBXBuildFile; fileRef = A377B6451A68717F00B33C97 /* Portfolio.m */; };
		A377B6471A68718E00B33C97 /* Portfolio.m in Sources */ = {isa = PBXBuildFile; fileRef = A377B6451A68717F00B33C97 /* Portfolio.m */; };
		A3981DEF1A473E4200334345 /* SubjectsTableViewController.m in Sources */ = {isa = PBXBuildFile; fileRef = A3981DEE1A473E4200334345 /* SubjectsTableViewController.m */; };
		A3981DF21A473E6000334345 /* SubjectDetailTableViewController.m in Sources */ = {isa = PBXBuildFile; fileRef = A3981DF11A473E6000334345 /* SubjectDetailTableViewController.m */; };
		A3981DF81A47595000334345 /* AssessmentsTableViewController.m in Sources */ = {isa = PBXBuildFile; fileRef = A3981DF71A47595000334345 /* AssessmentsTableViewController.m */; };
		A3981DFB1A47596F00334345 /* AssessmentDetailTableViewController.m in Sources */ = {isa = PBXBuildFile; fileRef = A3981DFA1A47596F00334345 /* AssessmentDetailTableViewController.m */; };
		A39AA8E51A48B2FF00A757B4 /* AssessmentGradeTableViewController.m in Sources */ = {isa = PBXBuildFile; fileRef = A39AA8E41A48B2FF00A757B4 /* AssessmentGradeTableViewController.m */; };
		A39B88F81A5C7E8B00F883EC /* PersonalTableViewController.m in Sources */ = {isa = PBXBuildFile; fileRef = A39B88F71A5C7E8B00F883EC /* PersonalTableViewController.m */; };
		A39B88FB1A5C7EAB00F883EC /* HobbiesTableViewController.m in Sources */ = {isa = PBXBuildFile; fileRef = A39B88FA1A5C7EAB00F883EC /* HobbiesTableViewController.m */; };
		A39B88FE1A5C7EBA00F883EC /* AchievementsTableViewController.m in Sources */ = {isa = PBXBuildFile; fileRef = A39B88FD1A5C7EBA00F883EC /* AchievementsTableViewController.m */; };
		A39B89011A5C7ED000F883EC /* WorkTableViewController.m in Sources */ = {isa = PBXBuildFile; fileRef = A39B89001A5C7ED000F883EC /* WorkTableViewController.m */; };
		A39B89041A5C7EDC00F883EC /* ProgressTableViewController.m in Sources */ = {isa = PBXBuildFile; fileRef = A39B89031A5C7EDC00F883EC /* ProgressTableViewController.m */; };
		A39B89071A5C8ADE00F883EC /* MyPortfolioTableViewController.m in Sources */ = {isa = PBXBuildFile; fileRef = A39B89061A5C8ADE00F883EC /* MyPortfolioTableViewController.m */; };
		A39B890A1A5C9B2400F883EC /* AboutTableViewController.m in Sources */ = {isa = PBXBuildFile; fileRef = A39B89091A5C9B2400F883EC /* AboutTableViewController.m */; };
		A39B890D1A5C9B4A00F883EC /* AchievementDetailTableViewController.m in Sources */ = {isa = PBXBuildFile; fileRef = A39B890C1A5C9B4A00F883EC /* AchievementDetailTableViewController.m */; };
		A39B89101A5C9B6900F883EC /* WorkDetailTableViewController.m in Sources */ = {isa = PBXBuildFile; fileRef = A39B890F1A5C9B6900F883EC /* WorkDetailTableViewController.m */; };
		A3A125DF1A645AA3006EC50D /* AudioToolbox.framework in Frameworks */ = {isa = PBXBuildFile; fileRef = A3A125DE1A645AA3006EC50D /* AudioToolbox.framework */; };
		A3A125E11A647D14006EC50D /* Security.framework in Frameworks */ = {isa = PBXBuildFile; fileRef = A3A125E01A647D14006EC50D /* Security.framework */; };
		A3A3B6131A5DE3EA008D17E9 /* LoginViewController.m in Sources */ = {isa = PBXBuildFile; fileRef = A3A3B6121A5DE3EA008D17E9 /* LoginViewController.m */; };
		A3A3B6181A5DFFBA008D17E9 /* LoginView.xib in Resources */ = {isa = PBXBuildFile; fileRef = A3A3B6171A5DFFBA008D17E9 /* LoginView.xib */; };
		A3AC584B1A64B06F001B2151 /* KeychainItemWrapper.m in Sources */ = {isa = PBXBuildFile; fileRef = A3AC584A1A64B06F001B2151 /* KeychainItemWrapper.m */; };
		A3AC584C1A64B06F001B2151 /* KeychainItemWrapper.m in Sources */ = {isa = PBXBuildFile; fileRef = A3AC584A1A64B06F001B2151 /* KeychainItemWrapper.m */; };
		A3B2E7691A65C942000C993A /* WorkExperience.m in Sources */ = {isa = PBXBuildFile; fileRef = A3B2E7681A65C942000C993A /* WorkExperience.m */; };
		A3B2E76A1A65C942000C993A /* WorkExperience.m in Sources */ = {isa = PBXBuildFile; fileRef = A3B2E7681A65C942000C993A /* WorkExperience.m */; };
		A3B2E76D1A65C943000C993A /* Achievement.m in Sources */ = {isa = PBXBuildFile; fileRef = A3B2E76C1A65C943000C993A /* Achievement.m */; };
		A3B2E76E1A65C943000C993A /* Achievement.m in Sources */ = {isa = PBXBuildFile; fileRef = A3B2E76C1A65C943000C993A /* Achievement.m */; };
		B5030ADB1A43788800E23378 /* main.m in Sources */ = {isa = PBXBuildFile; fileRef = B5030ADA1A43788800E23378 /* main.m */; };
		B5030ADE1A43788800E23378 /* AppDelegate.m in Sources */ = {isa = PBXBuildFile; fileRef = B5030ADD1A43788800E23378 /* AppDelegate.m */; };
		B5030AE71A43788800E23378 /* Main.storyboard in Resources */ = {isa = PBXBuildFile; fileRef = B5030AE51A43788800E23378 /* Main.storyboard */; };
		B5030AE91A43788800E23378 /* Images.xcassets in Resources */ = {isa = PBXBuildFile; fileRef = B5030AE81A43788800E23378 /* Images.xcassets */; };
		B5030AEC1A43788800E23378 /* LaunchScreen.xib in Resources */ = {isa = PBXBuildFile; fileRef = B5030AEA1A43788800E23378 /* LaunchScreen.xib */; };
		B5030AF81A43788800E23378 /* academicusTests.m in Sources */ = {isa = PBXBuildFile; fileRef = B5030AF71A43788800E23378 /* academicusTests.m */; };
		B5030B0D1A438A6E00E23378 /* Settings.m in Sources */ = {isa = PBXBuildFile; fileRef = B5030B0C1A438A6E00E23378 /* Settings.m */; };
		B5030B101A438DC100E23378 /* RemindersTableViewController.m in Sources */ = {isa = PBXBuildFile; fileRef = B5030B0F1A438DC100E23378 /* RemindersTableViewController.m */; };
		B5030B131A438DDF00E23378 /* SettingsTableViewController.m in Sources */ = {isa = PBXBuildFile; fileRef = B5030B121A438DDF00E23378 /* SettingsTableViewController.m */; };
		B5030B161A438DFA00E23378 /* PortfolioTableViewController.m in Sources */ = {isa = PBXBuildFile; fileRef = B5030B151A438DFA00E23378 /* PortfolioTableViewController.m */; };
		B5030B191A438E1900E23378 /* QualificationsTableViewController.m in Sources */ = {isa = PBXBuildFile; fileRef = B5030B181A438E1900E23378 /* QualificationsTableViewController.m */; };
		B5030B1F1A43C77B00E23378 /* QualificationDetailTableViewController.m in Sources */ = {isa = PBXBuildFile; fileRef = B5030B1E1A43C77A00E23378 /* QualificationDetailTableViewController.m */; };
		B546EAC81A5B38E40014820C /* YearsTableViewController.m in Sources */ = {isa = PBXBuildFile; fileRef = B5DED5981A46451500D22147 /* YearsTableViewController.m */; };
		B546EAC91A5B38E40014820C /* YearDetailTableViewController.m in Sources */ = {isa = PBXBuildFile; fileRef = B5DED59B1A46470800D22147 /* YearDetailTableViewController.m */; };
		B546EACA1A5B38E40014820C /* SettingsTableViewController.m in Sources */ = {isa = PBXBuildFile; fileRef = B5030B121A438DDF00E23378 /* SettingsTableViewController.m */; };
		B546EACD1A5B38E40014820C /* Year.m in Sources */ = {isa = PBXBuildFile; fileRef = B5A846571A50CCEF001D2E47 /* Year.m */; };
		B546EACF1A5B38E40014820C /* AssessmentsTableViewController.m in Sources */ = {isa = PBXBuildFile; fileRef = A3981DF71A47595000334345 /* AssessmentsTableViewController.m */; };
		B546EAD01A5B38E40014820C /* Subject.m in Sources */ = {isa = PBXBuildFile; fileRef = B5FD432A1A51029D00AC583E /* Subject.m */; };
		B546EAD11A5B38E40014820C /* AssessmentDetailTableViewController.m in Sources */ = {isa = PBXBuildFile; fileRef = A3981DFA1A47596F00334345 /* AssessmentDetailTableViewController.m */; };
		B546EAD21A5B38E40014820C /* SubjectsTableViewController.m in Sources */ = {isa = PBXBuildFile; fileRef = A3981DEE1A473E4200334345 /* SubjectsTableViewController.m */; };
		B546EAD31A5B38E40014820C /* DataModel.xcdatamodeld in Sources */ = {isa = PBXBuildFile; fileRef = B5F232AD1A4F5D5D00EAFF93 /* DataModel.xcdatamodeld */; };
		B546EAD41A5B38E40014820C /* Settings.m in Sources */ = {isa = PBXBuildFile; fileRef = B5030B0C1A438A6E00E23378 /* Settings.m */; };
		B546EAD51A5B38E40014820C /* AppDelegate.m in Sources */ = {isa = PBXBuildFile; fileRef = B5030ADD1A43788800E23378 /* AppDelegate.m */; };
		B546EAD61A5B38E40014820C /* QualificationDetailTableViewController.m in Sources */ = {isa = PBXBuildFile; fileRef = B5030B1E1A43C77A00E23378 /* QualificationDetailTableViewController.m */; };
		B546EAD91A5B38E40014820C /* SubjectDetailTableViewController.m in Sources */ = {isa = PBXBuildFile; fileRef = A3981DF11A473E6000334345 /* SubjectDetailTableViewController.m */; };
		B546EADA1A5B38E40014820C /* QualificationsTableViewController.m in Sources */ = {isa = PBXBuildFile; fileRef = B5030B181A438E1900E23378 /* QualificationsTableViewController.m */; };
		B546EADB1A5B38E40014820C /* RemindersTableViewController.m in Sources */ = {isa = PBXBuildFile; fileRef = B5030B0F1A438DC100E23378 /* RemindersTableViewController.m */; };
		B546EADC1A5B38E40014820C /* AssessmentCriteria.m in Sources */ = {isa = PBXBuildFile; fileRef = B5A8465D1A50E2F2001D2E47 /* AssessmentCriteria.m */; };
		B546EADD1A5B38E40014820C /* AssessmentGradeTableViewController.m in Sources */ = {isa = PBXBuildFile; fileRef = A39AA8E41A48B2FF00A757B4 /* AssessmentGradeTableViewController.m */; };
		B546EADF1A5B38E40014820C /* PortfolioTableViewController.m in Sources */ = {isa = PBXBuildFile; fileRef = B5030B151A438DFA00E23378 /* PortfolioTableViewController.m */; };
		B546EAE11A5B38E40014820C /* Qualification.m in Sources */ = {isa = PBXBuildFile; fileRef = B5B7EE5D1A51D8C500966CEE /* Qualification.m */; };
		B546EAE21A5B38E40014820C /* main.m in Sources */ = {isa = PBXBuildFile; fileRef = B5030ADA1A43788800E23378 /* main.m */; };
		B546EAE41A5B38E40014820C /* CoreData.framework in Frameworks */ = {isa = PBXBuildFile; fileRef = B5F232A81A4F5CCC00EAFF93 /* CoreData.framework */; };
		B546EAE61A5B38E40014820C /* Main.storyboard in Resources */ = {isa = PBXBuildFile; fileRef = B5030AE51A43788800E23378 /* Main.storyboard */; };
		B546EAE71A5B38E40014820C /* LaunchScreen.xib in Resources */ = {isa = PBXBuildFile; fileRef = B5030AEA1A43788800E23378 /* LaunchScreen.xib */; };
		B546EAE81A5B38E40014820C /* Images.xcassets in Resources */ = {isa = PBXBuildFile; fileRef = B5030AE81A43788800E23378 /* Images.xcassets */; };
		B546EAEF1A5B39440014820C /* calabash.framework in Frameworks */ = {isa = PBXBuildFile; fileRef = B546EAEE1A5B39440014820C /* calabash.framework */; };
		B546EAF11A5B397D0014820C /* CFNetwork.framework in Frameworks */ = {isa = PBXBuildFile; fileRef = B546EAF01A5B397D0014820C /* CFNetwork.framework */; };
		B585D5651A5B490200AC36D1 /* grades_management_qualifications.feature in Resources */ = {isa = PBXBuildFile; fileRef = B585D55D1A5B490200AC36D1 /* grades_management_qualifications.feature */; };
		B585D5661A5B490200AC36D1 /* calabash_steps.rb in Resources */ = {isa = PBXBuildFile; fileRef = B585D55F1A5B490200AC36D1 /* calabash_steps.rb */; };
		B585D5681A5B490200AC36D1 /* 01_launch.rb in Resources */ = {isa = PBXBuildFile; fileRef = B585D5621A5B490200AC36D1 /* 01_launch.rb */; };
		B585D5691A5B490200AC36D1 /* 02_pre_stop_hooks.rb in Resources */ = {isa = PBXBuildFile; fileRef = B585D5631A5B490200AC36D1 /* 02_pre_stop_hooks.rb */; };
		B585D56A1A5B490200AC36D1 /* env.rb in Resources */ = {isa = PBXBuildFile; fileRef = B585D5641A5B490200AC36D1 /* env.rb */; };
		B586BF2C1A6B673900996991 /* MyPortfolioTableViewCell.m in Sources */ = {isa = PBXBuildFile; fileRef = B586BF2B1A6B673900996991 /* MyPortfolioTableViewCell.m */; };
		B592AA111A6B2CA100025414 /* Info.plist in Resources */ = {isa = PBXBuildFile; fileRef = B592AA101A6B2CA100025414 /* Info.plist */; };
		B5A47B7B1A5EE7E700136BAF /* LoginView.xib in Resources */ = {isa = PBXBuildFile; fileRef = A3A3B6171A5DFFBA008D17E9 /* LoginView.xib */; };
		B5A47B7D1A5F13AB00136BAF /* grades_management_assessments.feature in Resources */ = {isa = PBXBuildFile; fileRef = B5A47B7C1A5F13AB00136BAF /* grades_management_assessments.feature */; };
		B5A490611A6AE07500506B7B /* LocationSearchTableViewController.m in Sources */ = {isa = PBXBuildFile; fileRef = B5A490601A6AE07500506B7B /* LocationSearchTableViewController.m */; };
		B5A490621A6AE07500506B7B /* LocationSearchTableViewController.m in Sources */ = {isa = PBXBuildFile; fileRef = B5A490601A6AE07500506B7B /* LocationSearchTableViewController.m */; };
		B5A490651A6B176800506B7B /* MapViewController.m in Sources */ = {isa = PBXBuildFile; fileRef = B5A490641A6B176800506B7B /* MapViewController.m */; };
		B5A490661A6B176800506B7B /* MapViewController.m in Sources */ = {isa = PBXBuildFile; fileRef = B5A490641A6B176800506B7B /* MapViewController.m */; };
		B5A6CA251A5B574C0041CEE9 /* navbar_steps.rb in Resources */ = {isa = PBXBuildFile; fileRef = B5A6CA241A5B574C0041CEE9 /* navbar_steps.rb */; };
		B5A846581A50CCEF001D2E47 /* Year.m in Sources */ = {isa = PBXBuildFile; fileRef = B5A846571A50CCEF001D2E47 /* Year.m */; };
		B5A8465E1A50E2F2001D2E47 /* AssessmentCriteria.m in Sources */ = {isa = PBXBuildFile; fileRef = B5A8465D1A50E2F2001D2E47 /* AssessmentCriteria.m */; };
		B5B7EE5E1A51D8C500966CEE /* Qualification.m in Sources */ = {isa = PBXBuildFile; fileRef = B5B7EE5D1A51D8C500966CEE /* Qualification.m */; };
		B5C99C381A5E22530074C5B3 /* grades_management_subjects.feature in Resources */ = {isa = PBXBuildFile; fileRef = B5C99C371A5E22530074C5B3 /* grades_management_subjects.feature */; };
		B5C99C3B1A5E27950074C5B3 /* PersonalTableViewController.m in Sources */ = {isa = PBXBuildFile; fileRef = A39B88F71A5C7E8B00F883EC /* PersonalTableViewController.m */; };
		B5C99C3C1A5E27950074C5B3 /* HobbiesTableViewController.m in Sources */ = {isa = PBXBuildFile; fileRef = A39B88FA1A5C7EAB00F883EC /* HobbiesTableViewController.m */; };
		B5C99C3D1A5E27950074C5B3 /* AchievementsTableViewController.m in Sources */ = {isa = PBXBuildFile; fileRef = A39B88FD1A5C7EBA00F883EC /* AchievementsTableViewController.m */; };
		B5C99C3E1A5E27950074C5B3 /* AchievementDetailTableViewController.m in Sources */ = {isa = PBXBuildFile; fileRef = A39B890C1A5C9B4A00F883EC /* AchievementDetailTableViewController.m */; };
		B5C99C3F1A5E27950074C5B3 /* WorkTableViewController.m in Sources */ = {isa = PBXBuildFile; fileRef = A39B89001A5C7ED000F883EC /* WorkTableViewController.m */; };
		B5C99C401A5E27950074C5B3 /* WorkDetailTableViewController.m in Sources */ = {isa = PBXBuildFile; fileRef = A39B890F1A5C9B6900F883EC /* WorkDetailTableViewController.m */; };
		B5C99C411A5E27950074C5B3 /* MyPortfolioTableViewController.m in Sources */ = {isa = PBXBuildFile; fileRef = A39B89061A5C8ADE00F883EC /* MyPortfolioTableViewController.m */; };
		B5C99C421A5E27950074C5B3 /* ProgressTableViewController.m in Sources */ = {isa = PBXBuildFile; fileRef = A39B89031A5C7EDC00F883EC /* ProgressTableViewController.m */; };
		B5C99C431A5E27950074C5B3 /* AboutTableViewController.m in Sources */ = {isa = PBXBuildFile; fileRef = A39B89091A5C9B2400F883EC /* AboutTableViewController.m */; };
		B5C99C441A5E27950074C5B3 /* LoginViewController.m in Sources */ = {isa = PBXBuildFile; fileRef = A3A3B6121A5DE3EA008D17E9 /* LoginViewController.m */; };
		B5DED5991A46451500D22147 /* YearsTableViewController.m in Sources */ = {isa = PBXBuildFile; fileRef = B5DED5981A46451500D22147 /* YearsTableViewController.m */; };
		B5DED59C1A46470800D22147 /* YearDetailTableViewController.m in Sources */ = {isa = PBXBuildFile; fileRef = B5DED59B1A46470800D22147 /* YearDetailTableViewController.m */; };
		B5EDAD2D1A5B7E0100AD147A /* grades_management_years.feature in Resources */ = {isa = PBXBuildFile; fileRef = B5EDAD2C1A5B7E0100AD147A /* grades_management_years.feature */; };
		B5F232A91A4F5CCC00EAFF93 /* CoreData.framework in Frameworks */ = {isa = PBXBuildFile; fileRef = B5F232A81A4F5CCC00EAFF93 /* CoreData.framework */; };
		B5F232AF1A4F5D5D00EAFF93 /* DataModel.xcdatamodeld in Sources */ = {isa = PBXBuildFile; fileRef = B5F232AD1A4F5D5D00EAFF93 /* DataModel.xcdatamodeld */; };
		B5FD432B1A51029D00AC583E /* Subject.m in Sources */ = {isa = PBXBuildFile; fileRef = B5FD432A1A51029D00AC583E /* Subject.m */; };
/* End PBXBuildFile section */

/* Begin PBXContainerItemProxy section */
		B5030AF21A43788800E23378 /* PBXContainerItemProxy */ = {
			isa = PBXContainerItemProxy;
			containerPortal = B5030ACD1A43788800E23378 /* Project object */;
			proxyType = 1;
			remoteGlobalIDString = B5030AD41A43788800E23378;
			remoteInfo = academicus;
		};
/* End PBXContainerItemProxy section */

/* Begin PBXFileReference section */
		A377B6441A68717E00B33C97 /* Portfolio.h */ = {isa = PBXFileReference; fileEncoding = 4; lastKnownFileType = sourcecode.c.h; path = Portfolio.h; sourceTree = "<group>"; };
		A377B6451A68717F00B33C97 /* Portfolio.m */ = {isa = PBXFileReference; fileEncoding = 4; lastKnownFileType = sourcecode.c.objc; path = Portfolio.m; sourceTree = "<group>"; };
		A3981DED1A473E4200334345 /* SubjectsTableViewController.h */ = {isa = PBXFileReference; fileEncoding = 4; lastKnownFileType = sourcecode.c.h; path = SubjectsTableViewController.h; sourceTree = "<group>"; };
		A3981DEE1A473E4200334345 /* SubjectsTableViewController.m */ = {isa = PBXFileReference; fileEncoding = 4; lastKnownFileType = sourcecode.c.objc; path = SubjectsTableViewController.m; sourceTree = "<group>"; };
		A3981DF01A473E6000334345 /* SubjectDetailTableViewController.h */ = {isa = PBXFileReference; fileEncoding = 4; lastKnownFileType = sourcecode.c.h; path = SubjectDetailTableViewController.h; sourceTree = "<group>"; };
		A3981DF11A473E6000334345 /* SubjectDetailTableViewController.m */ = {isa = PBXFileReference; fileEncoding = 4; lastKnownFileType = sourcecode.c.objc; lineEnding = 0; path = SubjectDetailTableViewController.m; sourceTree = "<group>"; xcLanguageSpecificationIdentifier = xcode.lang.objc; };
		A3981DF61A47595000334345 /* AssessmentsTableViewController.h */ = {isa = PBXFileReference; fileEncoding = 4; lastKnownFileType = sourcecode.c.h; path = AssessmentsTableViewController.h; sourceTree = "<group>"; };
		A3981DF71A47595000334345 /* AssessmentsTableViewController.m */ = {isa = PBXFileReference; fileEncoding = 4; lastKnownFileType = sourcecode.c.objc; path = AssessmentsTableViewController.m; sourceTree = "<group>"; };
		A3981DF91A47596F00334345 /* AssessmentDetailTableViewController.h */ = {isa = PBXFileReference; fileEncoding = 4; lastKnownFileType = sourcecode.c.h; path = AssessmentDetailTableViewController.h; sourceTree = "<group>"; };
		A3981DFA1A47596F00334345 /* AssessmentDetailTableViewController.m */ = {isa = PBXFileReference; fileEncoding = 4; lastKnownFileType = sourcecode.c.objc; lineEnding = 0; path = AssessmentDetailTableViewController.m; sourceTree = "<group>"; xcLanguageSpecificationIdentifier = xcode.lang.objc; };
		A39AA8E31A48B2FF00A757B4 /* AssessmentGradeTableViewController.h */ = {isa = PBXFileReference; fileEncoding = 4; lastKnownFileType = sourcecode.c.h; path = AssessmentGradeTableViewController.h; sourceTree = "<group>"; };
		A39AA8E41A48B2FF00A757B4 /* AssessmentGradeTableViewController.m */ = {isa = PBXFileReference; fileEncoding = 4; lastKnownFileType = sourcecode.c.objc; lineEnding = 0; path = AssessmentGradeTableViewController.m; sourceTree = "<group>"; xcLanguageSpecificationIdentifier = xcode.lang.objc; };
		A39B88F61A5C7E8B00F883EC /* PersonalTableViewController.h */ = {isa = PBXFileReference; fileEncoding = 4; lastKnownFileType = sourcecode.c.h; path = PersonalTableViewController.h; sourceTree = "<group>"; };
		A39B88F71A5C7E8B00F883EC /* PersonalTableViewController.m */ = {isa = PBXFileReference; fileEncoding = 4; lastKnownFileType = sourcecode.c.objc; path = PersonalTableViewController.m; sourceTree = "<group>"; };
		A39B88F91A5C7EAB00F883EC /* HobbiesTableViewController.h */ = {isa = PBXFileReference; fileEncoding = 4; lastKnownFileType = sourcecode.c.h; path = HobbiesTableViewController.h; sourceTree = "<group>"; };
		A39B88FA1A5C7EAB00F883EC /* HobbiesTableViewController.m */ = {isa = PBXFileReference; fileEncoding = 4; lastKnownFileType = sourcecode.c.objc; path = HobbiesTableViewController.m; sourceTree = "<group>"; };
		A39B88FC1A5C7EBA00F883EC /* AchievementsTableViewController.h */ = {isa = PBXFileReference; fileEncoding = 4; lastKnownFileType = sourcecode.c.h; path = AchievementsTableViewController.h; sourceTree = "<group>"; };
		A39B88FD1A5C7EBA00F883EC /* AchievementsTableViewController.m */ = {isa = PBXFileReference; fileEncoding = 4; lastKnownFileType = sourcecode.c.objc; path = AchievementsTableViewController.m; sourceTree = "<group>"; };
		A39B88FF1A5C7ED000F883EC /* WorkTableViewController.h */ = {isa = PBXFileReference; fileEncoding = 4; lastKnownFileType = sourcecode.c.h; path = WorkTableViewController.h; sourceTree = "<group>"; };
		A39B89001A5C7ED000F883EC /* WorkTableViewController.m */ = {isa = PBXFileReference; fileEncoding = 4; lastKnownFileType = sourcecode.c.objc; path = WorkTableViewController.m; sourceTree = "<group>"; };
		A39B89021A5C7EDC00F883EC /* ProgressTableViewController.h */ = {isa = PBXFileReference; fileEncoding = 4; lastKnownFileType = sourcecode.c.h; path = ProgressTableViewController.h; sourceTree = "<group>"; };
		A39B89031A5C7EDC00F883EC /* ProgressTableViewController.m */ = {isa = PBXFileReference; fileEncoding = 4; lastKnownFileType = sourcecode.c.objc; path = ProgressTableViewController.m; sourceTree = "<group>"; };
		A39B89051A5C8ADE00F883EC /* MyPortfolioTableViewController.h */ = {isa = PBXFileReference; fileEncoding = 4; lastKnownFileType = sourcecode.c.h; path = MyPortfolioTableViewController.h; sourceTree = "<group>"; };
		A39B89061A5C8ADE00F883EC /* MyPortfolioTableViewController.m */ = {isa = PBXFileReference; fileEncoding = 4; lastKnownFileType = sourcecode.c.objc; path = MyPortfolioTableViewController.m; sourceTree = "<group>"; };
		A39B89081A5C9B2400F883EC /* AboutTableViewController.h */ = {isa = PBXFileReference; fileEncoding = 4; lastKnownFileType = sourcecode.c.h; path = AboutTableViewController.h; sourceTree = "<group>"; };
		A39B89091A5C9B2400F883EC /* AboutTableViewController.m */ = {isa = PBXFileReference; fileEncoding = 4; lastKnownFileType = sourcecode.c.objc; path = AboutTableViewController.m; sourceTree = "<group>"; };
		A39B890B1A5C9B4A00F883EC /* AchievementDetailTableViewController.h */ = {isa = PBXFileReference; fileEncoding = 4; lastKnownFileType = sourcecode.c.h; path = AchievementDetailTableViewController.h; sourceTree = "<group>"; };
		A39B890C1A5C9B4A00F883EC /* AchievementDetailTableViewController.m */ = {isa = PBXFileReference; fileEncoding = 4; lastKnownFileType = sourcecode.c.objc; path = AchievementDetailTableViewController.m; sourceTree = "<group>"; };
		A39B890E1A5C9B6900F883EC /* WorkDetailTableViewController.h */ = {isa = PBXFileReference; fileEncoding = 4; lastKnownFileType = sourcecode.c.h; path = WorkDetailTableViewController.h; sourceTree = "<group>"; };
		A39B890F1A5C9B6900F883EC /* WorkDetailTableViewController.m */ = {isa = PBXFileReference; fileEncoding = 4; lastKnownFileType = sourcecode.c.objc; path = WorkDetailTableViewController.m; sourceTree = "<group>"; };
		A3A125DE1A645AA3006EC50D /* AudioToolbox.framework */ = {isa = PBXFileReference; lastKnownFileType = wrapper.framework; name = AudioToolbox.framework; path = System/Library/Frameworks/AudioToolbox.framework; sourceTree = SDKROOT; };
		A3A125E01A647D14006EC50D /* Security.framework */ = {isa = PBXFileReference; lastKnownFileType = wrapper.framework; name = Security.framework; path = System/Library/Frameworks/Security.framework; sourceTree = SDKROOT; };
		A3A3B6111A5DE3EA008D17E9 /* LoginViewController.h */ = {isa = PBXFileReference; fileEncoding = 4; lastKnownFileType = sourcecode.c.h; path = LoginViewController.h; sourceTree = "<group>"; };
		A3A3B6121A5DE3EA008D17E9 /* LoginViewController.m */ = {isa = PBXFileReference; fileEncoding = 4; lastKnownFileType = sourcecode.c.objc; path = LoginViewController.m; sourceTree = "<group>"; };
		A3A3B6171A5DFFBA008D17E9 /* LoginView.xib */ = {isa = PBXFileReference; fileEncoding = 4; lastKnownFileType = file.xib; path = LoginView.xib; sourceTree = "<group>"; };
		A3AC58491A64B06F001B2151 /* KeychainItemWrapper.h */ = {isa = PBXFileReference; fileEncoding = 4; lastKnownFileType = sourcecode.c.h; path = KeychainItemWrapper.h; sourceTree = "<group>"; };
		A3AC584A1A64B06F001B2151 /* KeychainItemWrapper.m */ = {isa = PBXFileReference; fileEncoding = 4; lastKnownFileType = sourcecode.c.objc; path = KeychainItemWrapper.m; sourceTree = "<group>"; };
		A3B2E7671A65C942000C993A /* WorkExperience.h */ = {isa = PBXFileReference; fileEncoding = 4; lastKnownFileType = sourcecode.c.h; path = WorkExperience.h; sourceTree = "<group>"; };
		A3B2E7681A65C942000C993A /* WorkExperience.m */ = {isa = PBXFileReference; fileEncoding = 4; lastKnownFileType = sourcecode.c.objc; path = WorkExperience.m; sourceTree = "<group>"; };
		A3B2E76B1A65C943000C993A /* Achievement.h */ = {isa = PBXFileReference; fileEncoding = 4; lastKnownFileType = sourcecode.c.h; path = Achievement.h; sourceTree = "<group>"; };
		A3B2E76C1A65C943000C993A /* Achievement.m */ = {isa = PBXFileReference; fileEncoding = 4; lastKnownFileType = sourcecode.c.objc; path = Achievement.m; sourceTree = "<group>"; };
		B5030AD51A43788800E23378 /* academicus.app */ = {isa = PBXFileReference; explicitFileType = wrapper.application; includeInIndex = 0; path = academicus.app; sourceTree = BUILT_PRODUCTS_DIR; };
		B5030AD91A43788800E23378 /* Info.plist */ = {isa = PBXFileReference; lastKnownFileType = text.plist.xml; path = Info.plist; sourceTree = "<group>"; };
		B5030ADA1A43788800E23378 /* main.m */ = {isa = PBXFileReference; lastKnownFileType = sourcecode.c.objc; path = main.m; sourceTree = "<group>"; };
		B5030ADC1A43788800E23378 /* AppDelegate.h */ = {isa = PBXFileReference; lastKnownFileType = sourcecode.c.h; path = AppDelegate.h; sourceTree = "<group>"; };
		B5030ADD1A43788800E23378 /* AppDelegate.m */ = {isa = PBXFileReference; lastKnownFileType = sourcecode.c.objc; lineEnding = 0; path = AppDelegate.m; sourceTree = "<group>"; xcLanguageSpecificationIdentifier = xcode.lang.objc; };
		B5030AE61A43788800E23378 /* Base */ = {isa = PBXFileReference; lastKnownFileType = file.storyboard; name = Base; path = Base.lproj/Main.storyboard; sourceTree = "<group>"; };
		B5030AE81A43788800E23378 /* Images.xcassets */ = {isa = PBXFileReference; lastKnownFileType = folder.assetcatalog; path = Images.xcassets; sourceTree = "<group>"; };
		B5030AEB1A43788800E23378 /* Base */ = {isa = PBXFileReference; lastKnownFileType = file.xib; name = Base; path = Base.lproj/LaunchScreen.xib; sourceTree = "<group>"; };
		B5030AF11A43788800E23378 /* academicusTests.xctest */ = {isa = PBXFileReference; explicitFileType = wrapper.cfbundle; includeInIndex = 0; path = academicusTests.xctest; sourceTree = BUILT_PRODUCTS_DIR; };
		B5030AF61A43788800E23378 /* Info.plist */ = {isa = PBXFileReference; lastKnownFileType = text.plist.xml; path = Info.plist; sourceTree = "<group>"; };
		B5030AF71A43788800E23378 /* academicusTests.m */ = {isa = PBXFileReference; lastKnownFileType = sourcecode.c.objc; path = academicusTests.m; sourceTree = "<group>"; };
		B5030B071A43880700E23378 /* academicus-prefix.pch */ = {isa = PBXFileReference; lastKnownFileType = sourcecode.c.h; path = "academicus-prefix.pch"; sourceTree = "<group>"; };
		B5030B0B1A438A6E00E23378 /* Settings.h */ = {isa = PBXFileReference; fileEncoding = 4; lastKnownFileType = sourcecode.c.h; path = Settings.h; sourceTree = "<group>"; };
		B5030B0C1A438A6E00E23378 /* Settings.m */ = {isa = PBXFileReference; fileEncoding = 4; lastKnownFileType = sourcecode.c.objc; path = Settings.m; sourceTree = "<group>"; };
		B5030B0E1A438DC100E23378 /* RemindersTableViewController.h */ = {isa = PBXFileReference; fileEncoding = 4; lastKnownFileType = sourcecode.c.h; path = RemindersTableViewController.h; sourceTree = "<group>"; };
		B5030B0F1A438DC100E23378 /* RemindersTableViewController.m */ = {isa = PBXFileReference; fileEncoding = 4; lastKnownFileType = sourcecode.c.objc; path = RemindersTableViewController.m; sourceTree = "<group>"; };
		B5030B111A438DDF00E23378 /* SettingsTableViewController.h */ = {isa = PBXFileReference; fileEncoding = 4; lastKnownFileType = sourcecode.c.h; path = SettingsTableViewController.h; sourceTree = "<group>"; };
		B5030B121A438DDF00E23378 /* SettingsTableViewController.m */ = {isa = PBXFileReference; fileEncoding = 4; lastKnownFileType = sourcecode.c.objc; path = SettingsTableViewController.m; sourceTree = "<group>"; };
		B5030B141A438DFA00E23378 /* PortfolioTableViewController.h */ = {isa = PBXFileReference; fileEncoding = 4; lastKnownFileType = sourcecode.c.h; path = PortfolioTableViewController.h; sourceTree = "<group>"; };
		B5030B151A438DFA00E23378 /* PortfolioTableViewController.m */ = {isa = PBXFileReference; fileEncoding = 4; lastKnownFileType = sourcecode.c.objc; path = PortfolioTableViewController.m; sourceTree = "<group>"; };
		B5030B171A438E1900E23378 /* QualificationsTableViewController.h */ = {isa = PBXFileReference; fileEncoding = 4; lastKnownFileType = sourcecode.c.h; path = QualificationsTableViewController.h; sourceTree = "<group>"; };
		B5030B181A438E1900E23378 /* QualificationsTableViewController.m */ = {isa = PBXFileReference; fileEncoding = 4; lastKnownFileType = sourcecode.c.objc; path = QualificationsTableViewController.m; sourceTree = "<group>"; };
		B5030B1D1A43C77A00E23378 /* QualificationDetailTableViewController.h */ = {isa = PBXFileReference; fileEncoding = 4; lastKnownFileType = sourcecode.c.h; path = QualificationDetailTableViewController.h; sourceTree = "<group>"; };
		B5030B1E1A43C77A00E23378 /* QualificationDetailTableViewController.m */ = {isa = PBXFileReference; fileEncoding = 4; lastKnownFileType = sourcecode.c.objc; path = QualificationDetailTableViewController.m; sourceTree = "<group>"; };
		B546EAEC1A5B38E40014820C /* academicus-cal.app */ = {isa = PBXFileReference; explicitFileType = wrapper.application; includeInIndex = 0; path = "academicus-cal.app"; sourceTree = BUILT_PRODUCTS_DIR; };
		B546EAED1A5B38E50014820C /* academicus copy-Info.plist */ = {isa = PBXFileReference; lastKnownFileType = text.plist.xml; name = "academicus copy-Info.plist"; path = "/Users/ben/Desktop/academicus/academicus copy-Info.plist"; sourceTree = "<absolute>"; };
		B546EAEE1A5B39440014820C /* calabash.framework */ = {isa = PBXFileReference; lastKnownFileType = wrapper.framework; path = calabash.framework; sourceTree = "<group>"; };
		B546EAF01A5B397D0014820C /* CFNetwork.framework */ = {isa = PBXFileReference; lastKnownFileType = wrapper.framework; name = CFNetwork.framework; path = System/Library/Frameworks/CFNetwork.framework; sourceTree = SDKROOT; };
		B585D55D1A5B490200AC36D1 /* grades_management_qualifications.feature */ = {isa = PBXFileReference; fileEncoding = 4; lastKnownFileType = text; path = grades_management_qualifications.feature; sourceTree = "<group>"; };
		B585D55F1A5B490200AC36D1 /* calabash_steps.rb */ = {isa = PBXFileReference; fileEncoding = 4; lastKnownFileType = text.script.ruby; path = calabash_steps.rb; sourceTree = "<group>"; };
		B585D5621A5B490200AC36D1 /* 01_launch.rb */ = {isa = PBXFileReference; fileEncoding = 4; lastKnownFileType = text.script.ruby; path = 01_launch.rb; sourceTree = "<group>"; };
		B585D5631A5B490200AC36D1 /* 02_pre_stop_hooks.rb */ = {isa = PBXFileReference; fileEncoding = 4; lastKnownFileType = text.script.ruby; path = 02_pre_stop_hooks.rb; sourceTree = "<group>"; };
		B585D5641A5B490200AC36D1 /* env.rb */ = {isa = PBXFileReference; fileEncoding = 4; lastKnownFileType = text.script.ruby; path = env.rb; sourceTree = "<group>"; };
		B586BF2A1A6B673900996991 /* MyPortfolioTableViewCell.h */ = {isa = PBXFileReference; fileEncoding = 4; lastKnownFileType = sourcecode.c.h; path = MyPortfolioTableViewCell.h; sourceTree = "<group>"; };
		B586BF2B1A6B673900996991 /* MyPortfolioTableViewCell.m */ = {isa = PBXFileReference; fileEncoding = 4; lastKnownFileType = sourcecode.c.objc; path = MyPortfolioTableViewCell.m; sourceTree = "<group>"; };
		B592AA101A6B2CA100025414 /* Info.plist */ = {isa = PBXFileReference; fileEncoding = 4; lastKnownFileType = text.plist.xml; name = Info.plist; path = academicus/Info.plist; sourceTree = "<group>"; };
		B5A47B7C1A5F13AB00136BAF /* grades_management_assessments.feature */ = {isa = PBXFileReference; fileEncoding = 4; lastKnownFileType = text; name = grades_management_assessments.feature; path = features/grades_management_assessments.feature; sourceTree = SOURCE_ROOT; };
		B5A4905F1A6AE07500506B7B /* LocationSearchTableViewController.h */ = {isa = PBXFileReference; fileEncoding = 4; lastKnownFileType = sourcecode.c.h; path = LocationSearchTableViewController.h; sourceTree = "<group>"; };
		B5A490601A6AE07500506B7B /* LocationSearchTableViewController.m */ = {isa = PBXFileReference; fileEncoding = 4; lastKnownFileType = sourcecode.c.objc; path = LocationSearchTableViewController.m; sourceTree = "<group>"; };
		B5A490631A6B176800506B7B /* MapViewController.h */ = {isa = PBXFileReference; fileEncoding = 4; lastKnownFileType = sourcecode.c.h; path = MapViewController.h; sourceTree = "<group>"; };
		B5A490641A6B176800506B7B /* MapViewController.m */ = {isa = PBXFileReference; fileEncoding = 4; lastKnownFileType = sourcecode.c.objc; path = MapViewController.m; sourceTree = "<group>"; };
		B5A6CA241A5B574C0041CEE9 /* navbar_steps.rb */ = {isa = PBXFileReference; fileEncoding = 4; lastKnownFileType = text.script.ruby; path = navbar_steps.rb; sourceTree = "<group>"; };
		B5A846561A50CCEF001D2E47 /* Year.h */ = {isa = PBXFileReference; fileEncoding = 4; lastKnownFileType = sourcecode.c.h; path = Year.h; sourceTree = "<group>"; };
		B5A846571A50CCEF001D2E47 /* Year.m */ = {isa = PBXFileReference; fileEncoding = 4; lastKnownFileType = sourcecode.c.objc; path = Year.m; sourceTree = "<group>"; };
		B5A8465C1A50E2F2001D2E47 /* AssessmentCriteria.h */ = {isa = PBXFileReference; fileEncoding = 4; lastKnownFileType = sourcecode.c.h; path = AssessmentCriteria.h; sourceTree = "<group>"; };
		B5A8465D1A50E2F2001D2E47 /* AssessmentCriteria.m */ = {isa = PBXFileReference; fileEncoding = 4; lastKnownFileType = sourcecode.c.objc; path = AssessmentCriteria.m; sourceTree = "<group>"; };
		B5B7EE5C1A51D8C500966CEE /* Qualification.h */ = {isa = PBXFileReference; fileEncoding = 4; lastKnownFileType = sourcecode.c.h; path = Qualification.h; sourceTree = "<group>"; };
		B5B7EE5D1A51D8C500966CEE /* Qualification.m */ = {isa = PBXFileReference; fileEncoding = 4; lastKnownFileType = sourcecode.c.objc; path = Qualification.m; sourceTree = "<group>"; };
		B5C99C371A5E22530074C5B3 /* grades_management_subjects.feature */ = {isa = PBXFileReference; fileEncoding = 4; lastKnownFileType = text; path = grades_management_subjects.feature; sourceTree = "<group>"; };
		B5DED5971A46451500D22147 /* YearsTableViewController.h */ = {isa = PBXFileReference; fileEncoding = 4; lastKnownFileType = sourcecode.c.h; path = YearsTableViewController.h; sourceTree = "<group>"; };
		B5DED5981A46451500D22147 /* YearsTableViewController.m */ = {isa = PBXFileReference; fileEncoding = 4; lastKnownFileType = sourcecode.c.objc; path = YearsTableViewController.m; sourceTree = "<group>"; };
		B5DED59A1A46470800D22147 /* YearDetailTableViewController.h */ = {isa = PBXFileReference; fileEncoding = 4; lastKnownFileType = sourcecode.c.h; path = YearDetailTableViewController.h; sourceTree = "<group>"; };
		B5DED59B1A46470800D22147 /* YearDetailTableViewController.m */ = {isa = PBXFileReference; fileEncoding = 4; lastKnownFileType = sourcecode.c.objc; lineEnding = 0; path = YearDetailTableViewController.m; sourceTree = "<group>"; xcLanguageSpecificationIdentifier = xcode.lang.objc; };
		B5EDAD2C1A5B7E0100AD147A /* grades_management_years.feature */ = {isa = PBXFileReference; fileEncoding = 4; lastKnownFileType = text; path = grades_management_years.feature; sourceTree = "<group>"; };
		B5F232A81A4F5CCC00EAFF93 /* CoreData.framework */ = {isa = PBXFileReference; lastKnownFileType = wrapper.framework; name = CoreData.framework; path = System/Library/Frameworks/CoreData.framework; sourceTree = SDKROOT; };
		B5F232AE1A4F5D5D00EAFF93 /* DataModel.xcdatamodel */ = {isa = PBXFileReference; lastKnownFileType = wrapper.xcdatamodel; path = DataModel.xcdatamodel; sourceTree = "<group>"; };
		B5FD43291A51029D00AC583E /* Subject.h */ = {isa = PBXFileReference; fileEncoding = 4; lastKnownFileType = sourcecode.c.h; path = Subject.h; sourceTree = "<group>"; };
		B5FD432A1A51029D00AC583E /* Subject.m */ = {isa = PBXFileReference; fileEncoding = 4; lastKnownFileType = sourcecode.c.objc; path = Subject.m; sourceTree = "<group>"; };
/* End PBXFileReference section */

/* Begin PBXFrameworksBuildPhase section */
		B5030AD21A43788800E23378 /* Frameworks */ = {
			isa = PBXFrameworksBuildPhase;
			buildActionMask = 2147483647;
			files = (
				A3A125E11A647D14006EC50D /* Security.framework in Frameworks */,
				A3A125DF1A645AA3006EC50D /* AudioToolbox.framework in Frameworks */,
				B5F232A91A4F5CCC00EAFF93 /* CoreData.framework in Frameworks */,
			);
			runOnlyForDeploymentPostprocessing = 0;
		};
		B5030AEE1A43788800E23378 /* Frameworks */ = {
			isa = PBXFrameworksBuildPhase;
			buildActionMask = 2147483647;
			files = (
			);
			runOnlyForDeploymentPostprocessing = 0;
		};
		B546EAE31A5B38E40014820C /* Frameworks */ = {
			isa = PBXFrameworksBuildPhase;
			buildActionMask = 2147483647;
			files = (
				B546EAF11A5B397D0014820C /* CFNetwork.framework in Frameworks */,
				B546EAE41A5B38E40014820C /* CoreData.framework in Frameworks */,
				B546EAEF1A5B39440014820C /* calabash.framework in Frameworks */,
			);
			runOnlyForDeploymentPostprocessing = 0;
		};
/* End PBXFrameworksBuildPhase section */

/* Begin PBXGroup section */
		A3981DE51A472ED800334345 /* Grades Management */ = {
			isa = PBXGroup;
			children = (
				B5030B171A438E1900E23378 /* QualificationsTableViewController.h */,
				B5030B181A438E1900E23378 /* QualificationsTableViewController.m */,
				B5030B1D1A43C77A00E23378 /* QualificationDetailTableViewController.h */,
				B5030B1E1A43C77A00E23378 /* QualificationDetailTableViewController.m */,
				B5DED5971A46451500D22147 /* YearsTableViewController.h */,
				B5DED5981A46451500D22147 /* YearsTableViewController.m */,
				B5DED59A1A46470800D22147 /* YearDetailTableViewController.h */,
				B5DED59B1A46470800D22147 /* YearDetailTableViewController.m */,
				A3981DED1A473E4200334345 /* SubjectsTableViewController.h */,
				A3981DEE1A473E4200334345 /* SubjectsTableViewController.m */,
				A3981DF01A473E6000334345 /* SubjectDetailTableViewController.h */,
				A3981DF11A473E6000334345 /* SubjectDetailTableViewController.m */,
				A3981DF61A47595000334345 /* AssessmentsTableViewController.h */,
				A3981DF71A47595000334345 /* AssessmentsTableViewController.m */,
				A3981DF91A47596F00334345 /* AssessmentDetailTableViewController.h */,
				A3981DFA1A47596F00334345 /* AssessmentDetailTableViewController.m */,
				A39AA8E31A48B2FF00A757B4 /* AssessmentGradeTableViewController.h */,
				A39AA8E41A48B2FF00A757B4 /* AssessmentGradeTableViewController.m */,
				A3981DEC1A472FE200334345 /* Models */,
			);
			name = "Grades Management";
			sourceTree = "<group>";
		};
		A3981DE61A472F1900334345 /* Reminders */ = {
			isa = PBXGroup;
			children = (
				B5030B0E1A438DC100E23378 /* RemindersTableViewController.h */,
				B5030B0F1A438DC100E23378 /* RemindersTableViewController.m */,
			);
			name = Reminders;
			sourceTree = "<group>";
		};
		A3981DE71A472F2E00334345 /* Portfolio */ = {
			isa = PBXGroup;
			children = (
				B5030B141A438DFA00E23378 /* PortfolioTableViewController.h */,
				B5030B151A438DFA00E23378 /* PortfolioTableViewController.m */,
				A39B88F61A5C7E8B00F883EC /* PersonalTableViewController.h */,
				A39B88F71A5C7E8B00F883EC /* PersonalTableViewController.m */,
				B5A4905F1A6AE07500506B7B /* LocationSearchTableViewController.h */,
				B5A490601A6AE07500506B7B /* LocationSearchTableViewController.m */,
				B5A490631A6B176800506B7B /* MapViewController.h */,
				B5A490641A6B176800506B7B /* MapViewController.m */,
				A39B88F91A5C7EAB00F883EC /* HobbiesTableViewController.h */,
				A39B88FA1A5C7EAB00F883EC /* HobbiesTableViewController.m */,
				A39B88FC1A5C7EBA00F883EC /* AchievementsTableViewController.h */,
				A39B88FD1A5C7EBA00F883EC /* AchievementsTableViewController.m */,
				A39B890B1A5C9B4A00F883EC /* AchievementDetailTableViewController.h */,
				A39B890C1A5C9B4A00F883EC /* AchievementDetailTableViewController.m */,
				A39B88FF1A5C7ED000F883EC /* WorkTableViewController.h */,
				A39B89001A5C7ED000F883EC /* WorkTableViewController.m */,
				A39B890E1A5C9B6900F883EC /* WorkDetailTableViewController.h */,
				A39B890F1A5C9B6900F883EC /* WorkDetailTableViewController.m */,
				A39B89051A5C8ADE00F883EC /* MyPortfolioTableViewController.h */,
				A39B89061A5C8ADE00F883EC /* MyPortfolioTableViewController.m */,
				B586BF2A1A6B673900996991 /* MyPortfolioTableViewCell.h */,
				B586BF2B1A6B673900996991 /* MyPortfolioTableViewCell.m */,
				A39B89021A5C7EDC00F883EC /* ProgressTableViewController.h */,
				A39B89031A5C7EDC00F883EC /* ProgressTableViewController.m */,
				A3981DEB1A472FA500334345 /* Models */,
			);
			name = Portfolio;
			sourceTree = "<group>";
		};
		A3981DE81A472F3C00334345 /* Settings */ = {
			isa = PBXGroup;
			children = (
				B5030B111A438DDF00E23378 /* SettingsTableViewController.h */,
				B5030B121A438DDF00E23378 /* SettingsTableViewController.m */,
				A39B89081A5C9B2400F883EC /* AboutTableViewController.h */,
				A39B89091A5C9B2400F883EC /* AboutTableViewController.m */,
				A3A3B6111A5DE3EA008D17E9 /* LoginViewController.h */,
				A3A3B6121A5DE3EA008D17E9 /* LoginViewController.m */,
				A3981DEA1A472F9300334345 /* Models */,
			);
			name = Settings;
			sourceTree = "<group>";
		};
		A3981DEA1A472F9300334345 /* Models */ = {
			isa = PBXGroup;
			children = (
				B5030B0B1A438A6E00E23378 /* Settings.h */,
				B5030B0C1A438A6E00E23378 /* Settings.m */,
			);
			name = Models;
			sourceTree = "<group>";
		};
		A3981DEB1A472FA500334345 /* Models */ = {
			isa = PBXGroup;
			children = (
				A377B6441A68717E00B33C97 /* Portfolio.h */,
				A377B6451A68717F00B33C97 /* Portfolio.m */,
				A3B2E76B1A65C943000C993A /* Achievement.h */,
				A3B2E76C1A65C943000C993A /* Achievement.m */,
				A3B2E7671A65C942000C993A /* WorkExperience.h */,
				A3B2E7681A65C942000C993A /* WorkExperience.m */,
			);
			name = Models;
			sourceTree = "<group>";
		};
		A3981DEC1A472FE200334345 /* Models */ = {
			isa = PBXGroup;
			children = (
				B5B7EE5C1A51D8C500966CEE /* Qualification.h */,
				B5B7EE5D1A51D8C500966CEE /* Qualification.m */,
				B5A846561A50CCEF001D2E47 /* Year.h */,
				B5A846571A50CCEF001D2E47 /* Year.m */,
				B5FD43291A51029D00AC583E /* Subject.h */,
				B5FD432A1A51029D00AC583E /* Subject.m */,
				B5A8465C1A50E2F2001D2E47 /* AssessmentCriteria.h */,
				B5A8465D1A50E2F2001D2E47 /* AssessmentCriteria.m */,
			);
			name = Models;
			sourceTree = "<group>";
		};
		B5030ACC1A43788800E23378 = {
			isa = PBXGroup;
			children = (
				B592AA101A6B2CA100025414 /* Info.plist */,
				A3A125E01A647D14006EC50D /* Security.framework */,
				A3A125DE1A645AA3006EC50D /* AudioToolbox.framework */,
				B5030AD71A43788800E23378 /* academicus */,
				B585D55C1A5B490200AC36D1 /* features */,
				B546EAF01A5B397D0014820C /* CFNetwork.framework */,
				B546EAEE1A5B39440014820C /* calabash.framework */,
				B5F232A81A4F5CCC00EAFF93 /* CoreData.framework */,
				B5030AF41A43788800E23378 /* academicusTests */,
				B5030AD61A43788800E23378 /* Products */,
				B546EAED1A5B38E50014820C /* academicus copy-Info.plist */,
			);
			sourceTree = "<group>";
		};
		B5030AD61A43788800E23378 /* Products */ = {
			isa = PBXGroup;
			children = (
				B5030AD51A43788800E23378 /* academicus.app */,
				B5030AF11A43788800E23378 /* academicusTests.xctest */,
				B546EAEC1A5B38E40014820C /* academicus-cal.app */,
			);
			name = Products;
			sourceTree = "<group>";
		};
		B5030AD71A43788800E23378 /* academicus */ = {
			isa = PBXGroup;
			children = (
				B5030B071A43880700E23378 /* academicus-prefix.pch */,
				B5030ADC1A43788800E23378 /* AppDelegate.h */,
				B5030ADD1A43788800E23378 /* AppDelegate.m */,
				A3981DE61A472F1900334345 /* Reminders */,
				A3981DE51A472ED800334345 /* Grades Management */,
				A3981DE71A472F2E00334345 /* Portfolio */,
				A3981DE81A472F3C00334345 /* Settings */,
				B5030AE51A43788800E23378 /* Main.storyboard */,
				B5030AE81A43788800E23378 /* Images.xcassets */,
				B5030AEA1A43788800E23378 /* LaunchScreen.xib */,
				A3A3B6171A5DFFBA008D17E9 /* LoginView.xib */,
				B5030AD81A43788800E23378 /* Supporting Files */,
				B5F232AD1A4F5D5D00EAFF93 /* DataModel.xcdatamodeld */,
			);
			path = academicus;
			sourceTree = "<group>";
		};
		B5030AD81A43788800E23378 /* Supporting Files */ = {
			isa = PBXGroup;
			children = (
				A3AC58491A64B06F001B2151 /* KeychainItemWrapper.h */,
				A3AC584A1A64B06F001B2151 /* KeychainItemWrapper.m */,
				B5030AD91A43788800E23378 /* Info.plist */,
				B5030ADA1A43788800E23378 /* main.m */,
			);
			name = "Supporting Files";
			sourceTree = "<group>";
		};
		B5030AF41A43788800E23378 /* academicusTests */ = {
			isa = PBXGroup;
			children = (
				B5030AF71A43788800E23378 /* academicusTests.m */,
				B5030AF51A43788800E23378 /* Supporting Files */,
			);
			path = academicusTests;
			sourceTree = "<group>";
		};
		B5030AF51A43788800E23378 /* Supporting Files */ = {
			isa = PBXGroup;
			children = (
				B5030AF61A43788800E23378 /* Info.plist */,
			);
			name = "Supporting Files";
			sourceTree = "<group>";
		};
		B585D55C1A5B490200AC36D1 /* features */ = {
			isa = PBXGroup;
			children = (
				B585D55D1A5B490200AC36D1 /* grades_management_qualifications.feature */,
				B5EDAD2C1A5B7E0100AD147A /* grades_management_years.feature */,
				B5C99C371A5E22530074C5B3 /* grades_management_subjects.feature */,
				B5A47B7C1A5F13AB00136BAF /* grades_management_assessments.feature */,
				B585D55E1A5B490200AC36D1 /* step_definitions */,
				B585D5611A5B490200AC36D1 /* support */,
			);
			path = features;
			sourceTree = "<group>";
		};
		B585D55E1A5B490200AC36D1 /* step_definitions */ = {
			isa = PBXGroup;
			children = (
				B585D55F1A5B490200AC36D1 /* calabash_steps.rb */,
				B5A6CA241A5B574C0041CEE9 /* navbar_steps.rb */,
			);
			path = step_definitions;
			sourceTree = "<group>";
		};
		B585D5611A5B490200AC36D1 /* support */ = {
			isa = PBXGroup;
			children = (
				B585D5621A5B490200AC36D1 /* 01_launch.rb */,
				B585D5631A5B490200AC36D1 /* 02_pre_stop_hooks.rb */,
				B585D5641A5B490200AC36D1 /* env.rb */,
			);
			path = support;
			sourceTree = "<group>";
		};
/* End PBXGroup section */

/* Begin PBXNativeTarget section */
		B5030AD41A43788800E23378 /* academicus */ = {
			isa = PBXNativeTarget;
			buildConfigurationList = B5030AFB1A43788800E23378 /* Build configuration list for PBXNativeTarget "academicus" */;
			buildPhases = (
				B5030AD11A43788800E23378 /* Sources */,
				B5030AD21A43788800E23378 /* Frameworks */,
				B5030AD31A43788800E23378 /* Resources */,
			);
			buildRules = (
			);
			dependencies = (
			);
			name = academicus;
			productName = academicus;
			productReference = B5030AD51A43788800E23378 /* academicus.app */;
			productType = "com.apple.product-type.application";
		};
		B5030AF01A43788800E23378 /* academicusTests */ = {
			isa = PBXNativeTarget;
			buildConfigurationList = B5030AFE1A43788800E23378 /* Build configuration list for PBXNativeTarget "academicusTests" */;
			buildPhases = (
				B5030AED1A43788800E23378 /* Sources */,
				B5030AEE1A43788800E23378 /* Frameworks */,
				B5030AEF1A43788800E23378 /* Resources */,
			);
			buildRules = (
			);
			dependencies = (
				B5030AF31A43788800E23378 /* PBXTargetDependency */,
			);
			name = academicusTests;
			productName = academicusTests;
			productReference = B5030AF11A43788800E23378 /* academicusTests.xctest */;
			productType = "com.apple.product-type.bundle.unit-test";
		};
		B546EAC61A5B38E40014820C /* academicus-cal */ = {
			isa = PBXNativeTarget;
			buildConfigurationList = B546EAE91A5B38E40014820C /* Build configuration list for PBXNativeTarget "academicus-cal" */;
			buildPhases = (
				B546EAC71A5B38E40014820C /* Sources */,
				B546EAE31A5B38E40014820C /* Frameworks */,
				B546EAE51A5B38E40014820C /* Resources */,
			);
			buildRules = (
			);
			dependencies = (
			);
			name = "academicus-cal";
			productName = academicus;
			productReference = B546EAEC1A5B38E40014820C /* academicus-cal.app */;
			productType = "com.apple.product-type.application";
		};
/* End PBXNativeTarget section */

/* Begin PBXProject section */
		B5030ACD1A43788800E23378 /* Project object */ = {
			isa = PBXProject;
			attributes = {
				LastUpgradeCheck = 0610;
				ORGANIZATIONNAME = sheffield;
				TargetAttributes = {
					B5030AD41A43788800E23378 = {
						CreatedOnToolsVersion = 6.1.1;
						DevelopmentTeam = 6YEH9YEK8B;
					};
					B5030AF01A43788800E23378 = {
						CreatedOnToolsVersion = 6.1.1;
						TestTargetID = B5030AD41A43788800E23378;
					};
				};
			};
			buildConfigurationList = B5030AD01A43788800E23378 /* Build configuration list for PBXProject "academicus" */;
			compatibilityVersion = "Xcode 3.2";
			developmentRegion = English;
			hasScannedForEncodings = 0;
			knownRegions = (
				en,
				Base,
			);
			mainGroup = B5030ACC1A43788800E23378;
			productRefGroup = B5030AD61A43788800E23378 /* Products */;
			projectDirPath = "";
			projectRoot = "";
			targets = (
				B5030AD41A43788800E23378 /* academicus */,
				B5030AF01A43788800E23378 /* academicusTests */,
				B546EAC61A5B38E40014820C /* academicus-cal */,
			);
		};
/* End PBXProject section */

/* Begin PBXResourcesBuildPhase section */
		B5030AD31A43788800E23378 /* Resources */ = {
			isa = PBXResourcesBuildPhase;
			buildActionMask = 2147483647;
			files = (
				B5030AE71A43788800E23378 /* Main.storyboard in Resources */,
				B5EDAD2D1A5B7E0100AD147A /* grades_management_years.feature in Resources */,
				B592AA111A6B2CA100025414 /* Info.plist in Resources */,
				A3A3B6181A5DFFBA008D17E9 /* LoginView.xib in Resources */,
				B5A6CA251A5B574C0041CEE9 /* navbar_steps.rb in Resources */,
				B5030AEC1A43788800E23378 /* LaunchScreen.xib in Resources */,
				B5030AE91A43788800E23378 /* Images.xcassets in Resources */,
				B5C99C381A5E22530074C5B3 /* grades_management_subjects.feature in Resources */,
				B5A47B7D1A5F13AB00136BAF /* grades_management_assessments.feature in Resources */,
			);
			runOnlyForDeploymentPostprocessing = 0;
		};
		B5030AEF1A43788800E23378 /* Resources */ = {
			isa = PBXResourcesBuildPhase;
			buildActionMask = 2147483647;
			files = (
			);
			runOnlyForDeploymentPostprocessing = 0;
		};
		B546EAE51A5B38E40014820C /* Resources */ = {
			isa = PBXResourcesBuildPhase;
			buildActionMask = 2147483647;
			files = (
				B5A47B7B1A5EE7E700136BAF /* LoginView.xib in Resources */,
				B546EAE61A5B38E40014820C /* Main.storyboard in Resources */,
				B546EAE71A5B38E40014820C /* LaunchScreen.xib in Resources */,
				B546EAE81A5B38E40014820C /* Images.xcassets in Resources */,
				B585D5651A5B490200AC36D1 /* grades_management_qualifications.feature in Resources */,
				B585D56A1A5B490200AC36D1 /* env.rb in Resources */,
				B585D5681A5B490200AC36D1 /* 01_launch.rb in Resources */,
				B585D5691A5B490200AC36D1 /* 02_pre_stop_hooks.rb in Resources */,
				B585D5661A5B490200AC36D1 /* calabash_steps.rb in Resources */,
			);
			runOnlyForDeploymentPostprocessing = 0;
		};
/* End PBXResourcesBuildPhase section */

/* Begin PBXSourcesBuildPhase section */
		B5030AD11A43788800E23378 /* Sources */ = {
			isa = PBXSourcesBuildPhase;
			buildActionMask = 2147483647;
			files = (
				A3A3B6131A5DE3EA008D17E9 /* LoginViewController.m in Sources */,
				B5DED5991A46451500D22147 /* YearsTableViewController.m in Sources */,
				A39B88FB1A5C7EAB00F883EC /* HobbiesTableViewController.m in Sources */,
				B5A490651A6B176800506B7B /* MapViewController.m in Sources */,
				A39B890D1A5C9B4A00F883EC /* AchievementDetailTableViewController.m in Sources */,
				B5DED59C1A46470800D22147 /* YearDetailTableViewController.m in Sources */,
				B5030B131A438DDF00E23378 /* SettingsTableViewController.m in Sources */,
				B5A490611A6AE07500506B7B /* LocationSearchTableViewController.m in Sources */,
				A39B89011A5C7ED000F883EC /* WorkTableViewController.m in Sources */,
				A39B89101A5C9B6900F883EC /* WorkDetailTableViewController.m in Sources */,
				B5A846581A50CCEF001D2E47 /* Year.m in Sources */,
				A39B88FE1A5C7EBA00F883EC /* AchievementsTableViewController.m in Sources */,
				A3981DF81A47595000334345 /* AssessmentsTableViewController.m in Sources */,
				B5FD432B1A51029D00AC583E /* Subject.m in Sources */,
				A377B6461A68717F00B33C97 /* Portfolio.m in Sources */,
				A3981DFB1A47596F00334345 /* AssessmentDetailTableViewController.m in Sources */,
				A3981DEF1A473E4200334345 /* SubjectsTableViewController.m in Sources */,
				A3B2E76D1A65C943000C993A /* Achievement.m in Sources */,
				B5F232AF1A4F5D5D00EAFF93 /* DataModel.xcdatamodeld in Sources */,
				B5030B0D1A438A6E00E23378 /* Settings.m in Sources */,
				A3B2E7691A65C942000C993A /* WorkExperience.m in Sources */,
				B5030ADE1A43788800E23378 /* AppDelegate.m in Sources */,
				B586BF2C1A6B673900996991 /* MyPortfolioTableViewCell.m in Sources */,
				B5030B1F1A43C77B00E23378 /* QualificationDetailTableViewController.m in Sources */,
				A39B89041A5C7EDC00F883EC /* ProgressTableViewController.m in Sources */,
				A3AC584B1A64B06F001B2151 /* KeychainItemWrapper.m in Sources */,
				A39B89071A5C8ADE00F883EC /* MyPortfolioTableViewController.m in Sources */,
				A3981DF21A473E6000334345 /* SubjectDetailTableViewController.m in Sources */,
				B5030B191A438E1900E23378 /* QualificationsTableViewController.m in Sources */,
				B5030B101A438DC100E23378 /* RemindersTableViewController.m in Sources */,
				B5A8465E1A50E2F2001D2E47 /* AssessmentCriteria.m in Sources */,
				A39AA8E51A48B2FF00A757B4 /* AssessmentGradeTableViewController.m in Sources */,
				A39B88F81A5C7E8B00F883EC /* PersonalTableViewController.m in Sources */,
				B5030B161A438DFA00E23378 /* PortfolioTableViewController.m in Sources */,
				A39B890A1A5C9B2400F883EC /* AboutTableViewController.m in Sources */,
				B5B7EE5E1A51D8C500966CEE /* Qualification.m in Sources */,
				B5030ADB1A43788800E23378 /* main.m in Sources */,
			);
			runOnlyForDeploymentPostprocessing = 0;
		};
		B5030AED1A43788800E23378 /* Sources */ = {
			isa = PBXSourcesBuildPhase;
			buildActionMask = 2147483647;
			files = (
				B5030AF81A43788800E23378 /* academicusTests.m in Sources */,
			);
			runOnlyForDeploymentPostprocessing = 0;
		};
		B546EAC71A5B38E40014820C /* Sources */ = {
			isa = PBXSourcesBuildPhase;
			buildActionMask = 2147483647;
			files = (
				B5C99C3B1A5E27950074C5B3 /* PersonalTableViewController.m in Sources */,
				B5C99C3C1A5E27950074C5B3 /* HobbiesTableViewController.m in Sources */,
				B5C99C3D1A5E27950074C5B3 /* AchievementsTableViewController.m in Sources */,
				B5A490661A6B176800506B7B /* MapViewController.m in Sources */,
				B5C99C3E1A5E27950074C5B3 /* AchievementDetailTableViewController.m in Sources */,
				B5C99C3F1A5E27950074C5B3 /* WorkTableViewController.m in Sources */,
				B5C99C401A5E27950074C5B3 /* WorkDetailTableViewController.m in Sources */,
				B5A490621A6AE07500506B7B /* LocationSearchTableViewController.m in Sources */,
				B5C99C411A5E27950074C5B3 /* MyPortfolioTableViewController.m in Sources */,
				B5C99C421A5E27950074C5B3 /* ProgressTableViewController.m in Sources */,
				B5C99C431A5E27950074C5B3 /* AboutTableViewController.m in Sources */,
				B5C99C441A5E27950074C5B3 /* LoginViewController.m in Sources */,
				B546EAC81A5B38E40014820C /* YearsTableViewController.m in Sources */,
				B546EAC91A5B38E40014820C /* YearDetailTableViewController.m in Sources */,
				A377B6471A68718E00B33C97 /* Portfolio.m in Sources */,
				B546EACA1A5B38E40014820C /* SettingsTableViewController.m in Sources */,
				B546EACD1A5B38E40014820C /* Year.m in Sources */,
				A3B2E76E1A65C943000C993A /* Achievement.m in Sources */,
				B546EACF1A5B38E40014820C /* AssessmentsTableViewController.m in Sources */,
				B546EAD01A5B38E40014820C /* Subject.m in Sources */,
				A3B2E76A1A65C942000C993A /* WorkExperience.m in Sources */,
				B546EAD11A5B38E40014820C /* AssessmentDetailTableViewController.m in Sources */,
				B546EAD21A5B38E40014820C /* SubjectsTableViewController.m in Sources */,
				B546EAD31A5B38E40014820C /* DataModel.xcdatamodeld in Sources */,
				B546EAD41A5B38E40014820C /* Settings.m in Sources */,
				B546EAD51A5B38E40014820C /* AppDelegate.m in Sources */,
				A3AC584C1A64B06F001B2151 /* KeychainItemWrapper.m in Sources */,
				B546EAD61A5B38E40014820C /* QualificationDetailTableViewController.m in Sources */,
				B546EAD91A5B38E40014820C /* SubjectDetailTableViewController.m in Sources */,
				B546EADA1A5B38E40014820C /* QualificationsTableViewController.m in Sources */,
				B546EADB1A5B38E40014820C /* RemindersTableViewController.m in Sources */,
				B546EADC1A5B38E40014820C /* AssessmentCriteria.m in Sources */,
				B546EADD1A5B38E40014820C /* AssessmentGradeTableViewController.m in Sources */,
				B546EADF1A5B38E40014820C /* PortfolioTableViewController.m in Sources */,
				B546EAE11A5B38E40014820C /* Qualification.m in Sources */,
				B546EAE21A5B38E40014820C /* main.m in Sources */,
			);
			runOnlyForDeploymentPostprocessing = 0;
		};
/* End PBXSourcesBuildPhase section */

/* Begin PBXTargetDependency section */
		B5030AF31A43788800E23378 /* PBXTargetDependency */ = {
			isa = PBXTargetDependency;
			target = B5030AD41A43788800E23378 /* academicus */;
			targetProxy = B5030AF21A43788800E23378 /* PBXContainerItemProxy */;
		};
/* End PBXTargetDependency section */

/* Begin PBXVariantGroup section */
		B5030AE51A43788800E23378 /* Main.storyboard */ = {
			isa = PBXVariantGroup;
			children = (
				B5030AE61A43788800E23378 /* Base */,
			);
			name = Main.storyboard;
			sourceTree = "<group>";
		};
		B5030AEA1A43788800E23378 /* LaunchScreen.xib */ = {
			isa = PBXVariantGroup;
			children = (
				B5030AEB1A43788800E23378 /* Base */,
			);
			name = LaunchScreen.xib;
			sourceTree = "<group>";
		};
/* End PBXVariantGroup section */

/* Begin XCBuildConfiguration section */
		B5030AF91A43788800E23378 /* Debug */ = {
			isa = XCBuildConfiguration;
			buildSettings = {
				ALWAYS_SEARCH_USER_PATHS = NO;
				CLANG_CXX_LANGUAGE_STANDARD = "gnu++0x";
				CLANG_CXX_LIBRARY = "libc++";
				CLANG_ENABLE_MODULES = YES;
				CLANG_ENABLE_OBJC_ARC = YES;
				CLANG_WARN_BOOL_CONVERSION = YES;
				CLANG_WARN_CONSTANT_CONVERSION = YES;
				CLANG_WARN_DIRECT_OBJC_ISA_USAGE = YES_ERROR;
				CLANG_WARN_EMPTY_BODY = YES;
				CLANG_WARN_ENUM_CONVERSION = YES;
				CLANG_WARN_INT_CONVERSION = YES;
				CLANG_WARN_OBJC_ROOT_CLASS = YES_ERROR;
				CLANG_WARN_UNREACHABLE_CODE = YES;
				CLANG_WARN__DUPLICATE_METHOD_MATCH = YES;
				"CODE_SIGN_IDENTITY[sdk=iphoneos*]" = "iPhone Developer";
				COPY_PHASE_STRIP = NO;
				ENABLE_STRICT_OBJC_MSGSEND = YES;
				GCC_C_LANGUAGE_STANDARD = gnu99;
				GCC_DYNAMIC_NO_PIC = NO;
				GCC_OPTIMIZATION_LEVEL = 0;
				GCC_PREPROCESSOR_DEFINITIONS = (
					"DEBUG=1",
					"$(inherited)",
				);
				GCC_SYMBOLS_PRIVATE_EXTERN = NO;
				GCC_WARN_64_TO_32_BIT_CONVERSION = YES;
				GCC_WARN_ABOUT_RETURN_TYPE = YES_ERROR;
				GCC_WARN_UNDECLARED_SELECTOR = YES;
				GCC_WARN_UNINITIALIZED_AUTOS = YES_AGGRESSIVE;
				GCC_WARN_UNUSED_FUNCTION = YES;
				GCC_WARN_UNUSED_VARIABLE = YES;
				IPHONEOS_DEPLOYMENT_TARGET = 8.1;
				MTL_ENABLE_DEBUG_INFO = YES;
				ONLY_ACTIVE_ARCH = YES;
				SDKROOT = iphoneos;
			};
			name = Debug;
		};
		B5030AFA1A43788800E23378 /* Release */ = {
			isa = XCBuildConfiguration;
			buildSettings = {
				ALWAYS_SEARCH_USER_PATHS = NO;
				CLANG_CXX_LANGUAGE_STANDARD = "gnu++0x";
				CLANG_CXX_LIBRARY = "libc++";
				CLANG_ENABLE_MODULES = YES;
				CLANG_ENABLE_OBJC_ARC = YES;
				CLANG_WARN_BOOL_CONVERSION = YES;
				CLANG_WARN_CONSTANT_CONVERSION = YES;
				CLANG_WARN_DIRECT_OBJC_ISA_USAGE = YES_ERROR;
				CLANG_WARN_EMPTY_BODY = YES;
				CLANG_WARN_ENUM_CONVERSION = YES;
				CLANG_WARN_INT_CONVERSION = YES;
				CLANG_WARN_OBJC_ROOT_CLASS = YES_ERROR;
				CLANG_WARN_UNREACHABLE_CODE = YES;
				CLANG_WARN__DUPLICATE_METHOD_MATCH = YES;
				"CODE_SIGN_IDENTITY[sdk=iphoneos*]" = "iPhone Developer";
				COPY_PHASE_STRIP = YES;
				ENABLE_NS_ASSERTIONS = NO;
				ENABLE_STRICT_OBJC_MSGSEND = YES;
				GCC_C_LANGUAGE_STANDARD = gnu99;
				GCC_WARN_64_TO_32_BIT_CONVERSION = YES;
				GCC_WARN_ABOUT_RETURN_TYPE = YES_ERROR;
				GCC_WARN_UNDECLARED_SELECTOR = YES;
				GCC_WARN_UNINITIALIZED_AUTOS = YES_AGGRESSIVE;
				GCC_WARN_UNUSED_FUNCTION = YES;
				GCC_WARN_UNUSED_VARIABLE = YES;
				IPHONEOS_DEPLOYMENT_TARGET = 8.1;
				MTL_ENABLE_DEBUG_INFO = NO;
				SDKROOT = iphoneos;
				VALIDATE_PRODUCT = YES;
			};
			name = Release;
		};
		B5030AFC1A43788800E23378 /* Debug */ = {
			isa = XCBuildConfiguration;
			buildSettings = {
				ASSETCATALOG_COMPILER_APPICON_NAME = AppIcon;
				CODE_SIGN_IDENTITY = "iPhone Developer";
				"CODE_SIGN_IDENTITY[sdk=iphoneos*]" = "iPhone Developer";
				GCC_PRECOMPILE_PREFIX_HEADER = YES;
				GCC_PREFIX_HEADER = "academicus/academicus-prefix.pch";
				GCC_SYMBOLS_PRIVATE_EXTERN = YES;
				INFOPLIST_FILE = academicus/Info.plist;
				IPHONEOS_DEPLOYMENT_TARGET = 7.0;
				LD_RUNPATH_SEARCH_PATHS = "$(inherited) @executable_path/Frameworks";
				PRODUCT_NAME = "$(TARGET_NAME)";
				PROVISIONING_PROFILE = "";
			};
			name = Debug;
		};
		B5030AFD1A43788800E23378 /* Release */ = {
			isa = XCBuildConfiguration;
			buildSettings = {
				ASSETCATALOG_COMPILER_APPICON_NAME = AppIcon;
				CODE_SIGN_IDENTITY = "iPhone Developer";
				"CODE_SIGN_IDENTITY[sdk=iphoneos*]" = "iPhone Developer";
				GCC_PRECOMPILE_PREFIX_HEADER = YES;
				GCC_PREFIX_HEADER = "academicus/academicus-prefix.pch";
				GCC_SYMBOLS_PRIVATE_EXTERN = NO;
				INFOPLIST_FILE = academicus/Info.plist;
				IPHONEOS_DEPLOYMENT_TARGET = 7.0;
				LD_RUNPATH_SEARCH_PATHS = "$(inherited) @executable_path/Frameworks";
				PRODUCT_NAME = "$(TARGET_NAME)";
				PROVISIONING_PROFILE = "";
			};
			name = Release;
		};
		B5030AFF1A43788800E23378 /* Debug */ = {
			isa = XCBuildConfiguration;
			buildSettings = {
				BUNDLE_LOADER = "$(TEST_HOST)";
				FRAMEWORK_SEARCH_PATHS = (
					"$(SDKROOT)/Developer/Library/Frameworks",
					"$(inherited)",
				);
				GCC_PREPROCESSOR_DEFINITIONS = (
					"DEBUG=1",
					"$(inherited)",
				);
				INFOPLIST_FILE = academicusTests/Info.plist;
				LD_RUNPATH_SEARCH_PATHS = "$(inherited) @executable_path/Frameworks @loader_path/Frameworks";
				PRODUCT_NAME = "$(TARGET_NAME)";
				TEST_HOST = "$(BUILT_PRODUCTS_DIR)/academicus.app/academicus";
			};
			name = Debug;
		};
		B5030B001A43788800E23378 /* Release */ = {
			isa = XCBuildConfiguration;
			buildSettings = {
				BUNDLE_LOADER = "$(TEST_HOST)";
				FRAMEWORK_SEARCH_PATHS = (
					"$(SDKROOT)/Developer/Library/Frameworks",
					"$(inherited)",
				);
				INFOPLIST_FILE = academicusTests/Info.plist;
				LD_RUNPATH_SEARCH_PATHS = "$(inherited) @executable_path/Frameworks @loader_path/Frameworks";
				PRODUCT_NAME = "$(TARGET_NAME)";
				TEST_HOST = "$(BUILT_PRODUCTS_DIR)/academicus.app/academicus";
			};
			name = Release;
		};
		B546EAEA1A5B38E40014820C /* Debug */ = {
			isa = XCBuildConfiguration;
			buildSettings = {
				ASSETCATALOG_COMPILER_APPICON_NAME = AppIcon;
				BUNDLE_LOADER = "";
				CODE_SIGN_IDENTITY = "iPhone Developer";
				"CODE_SIGN_IDENTITY[sdk=iphoneos*]" = "iPhone Developer";
				FRAMEWORK_SEARCH_PATHS = (
					"$(inherited)",
					"$(PROJECT_DIR)",
				);
				GCC_PRECOMPILE_PREFIX_HEADER = YES;
				GCC_PREFIX_HEADER = "academicus/academicus-prefix.pch";
				INFOPLIST_FILE = "academicus copy-Info.plist";
				IPHONEOS_DEPLOYMENT_TARGET = 7.0;
				LD_RUNPATH_SEARCH_PATHS = "$(inherited) @executable_path/Frameworks";
				ONLY_ACTIVE_ARCH = NO;
				OTHER_LDFLAGS = (
					"-force_load",
					"\"$(SRCROOT)/calabash.framework/calabash\"",
					"-lstdc++",
				);
				PRODUCT_NAME = "academicus-cal";
				PROVISIONING_PROFILE = "";
				TEST_HOST = "";
			};
			name = Debug;
		};
		B546EAEB1A5B38E40014820C /* Release */ = {
			isa = XCBuildConfiguration;
			buildSettings = {
				ASSETCATALOG_COMPILER_APPICON_NAME = AppIcon;
				BUNDLE_LOADER = "";
				CODE_SIGN_IDENTITY = "iPhone Developer";
				"CODE_SIGN_IDENTITY[sdk=iphoneos*]" = "iPhone Developer";
				FRAMEWORK_SEARCH_PATHS = (
					"$(inherited)",
					"$(PROJECT_DIR)",
				);
				GCC_PRECOMPILE_PREFIX_HEADER = YES;
				GCC_PREFIX_HEADER = "academicus/academicus-prefix.pch";
				INFOPLIST_FILE = "academicus copy-Info.plist";
				IPHONEOS_DEPLOYMENT_TARGET = 7.0;
				LD_RUNPATH_SEARCH_PATHS = "$(inherited) @executable_path/Frameworks";
				ONLY_ACTIVE_ARCH = NO;
				OTHER_LDFLAGS = (
					"-force_load",
					"\"$(SRCROOT)/calabash.framework/calabash\"",
					"-lstdc++",
				);
				PRODUCT_NAME = "academicus-cal";
				PROVISIONING_PROFILE = "";
				TEST_HOST = "";
			};
			name = Release;
		};
/* End XCBuildConfiguration section */

/* Begin XCConfigurationList section */
		B5030AD01A43788800E23378 /* Build configuration list for PBXProject "academicus" */ = {
			isa = XCConfigurationList;
			buildConfigurations = (
				B5030AF91A43788800E23378 /* Debug */,
				B5030AFA1A43788800E23378 /* Release */,
			);
			defaultConfigurationIsVisible = 0;
			defaultConfigurationName = Release;
		};
		B5030AFB1A43788800E23378 /* Build configuration list for PBXNativeTarget "academicus" */ = {
			isa = XCConfigurationList;
			buildConfigurations = (
				B5030AFC1A43788800E23378 /* Debug */,
				B5030AFD1A43788800E23378 /* Release */,
			);
			defaultConfigurationIsVisible = 0;
			defaultConfigurationName = Release;
		};
		B5030AFE1A43788800E23378 /* Build configuration list for PBXNativeTarget "academicusTests" */ = {
			isa = XCConfigurationList;
			buildConfigurations = (
				B5030AFF1A43788800E23378 /* Debug */,
				B5030B001A43788800E23378 /* Release */,
			);
			defaultConfigurationIsVisible = 0;
			defaultConfigurationName = Release;
		};
		B546EAE91A5B38E40014820C /* Build configuration list for PBXNativeTarget "academicus-cal" */ = {
			isa = XCConfigurationList;
			buildConfigurations = (
				B546EAEA1A5B38E40014820C /* Debug */,
				B546EAEB1A5B38E40014820C /* Release */,
			);
			defaultConfigurationIsVisible = 0;
			defaultConfigurationName = Release;
		};
/* End XCConfigurationList section */

/* Begin XCVersionGroup section */
		B5F232AD1A4F5D5D00EAFF93 /* DataModel.xcdatamodeld */ = {
			isa = XCVersionGroup;
			children = (
				B5F232AE1A4F5D5D00EAFF93 /* DataModel.xcdatamodel */,
			);
			currentVersion = B5F232AE1A4F5D5D00EAFF93 /* DataModel.xcdatamodel */;
			path = DataModel.xcdatamodeld;
			sourceTree = "<group>";
			versionGroupType = wrapper.xcdatamodel;
		};
/* End XCVersionGroup section */
	};
	rootObject = B5030ACD1A43788800E23378 /* Project object */;
}
